
Microsoft Visual Studio Solution File, Format Version 12.00
# Visual Studio Version 16
VisualStudioVersion = 16.0.31702.278
MinimumVisualStudioVersion = 10.0.40219.1
Project("{FAE04EC0-301F-11D3-BF4B-00C04F79EFBC}") = "IP3D", "IP3D.csproj", "{D3CAED07-527D-4A97-B273-A886260D5BE4}"
EndProject
Global
	GlobalSection(SolutionConfigurationPlatforms) = preSolution
		Debug|Any CPU = Debug|Any CPU
		Release|Any CPU = Release|Any CPU
	EndGlobalSection
	GlobalSection(ProjectConfigurationPlatforms) = postSolution
		{D3CAED07-527D-4A97-B273-A886260D5BE4}.Debug|Any CPU.ActiveCfg = Debug|Any CPU
		{D3CAED07-527D-4A97-B273-A886260D5BE4}.Debug|Any CPU.Build.0 = Debug|Any CPU
		{D3CAED07-527D-4A97-B273-A886260D5BE4}.Release|Any CPU.ActiveCfg = Release|Any CPU
		{D3CAED07-527D-4A97-B273-A886260D5BE4}.Release|Any CPU.Build.0 = Release|Any CPU
	EndGlobalSection
	GlobalSection(SolutionProperties) = preSolution
		HideSolutionNode = FALSE
	EndGlobalSection
	GlobalSection(ExtensibilityGlobals) = postSolution
		SolutionGuid = {B8554544-B1CF-4751-8301-D8723EE532C7}
	EndGlobalSection
EndGlobal
